<?xml version="1.0" encoding="utf-8"?>
<Project ToolsVersion="4.0" xmlns="http://schemas.microsoft.com/developer/msbuild/2003">
  <ItemGroup>
    <Filter Include="Source Files">
      <UniqueIdentifier>{4FC737F1-C7A5-4376-A066-2A32D752A2FF}</UniqueIdentifier>
      <Extensions>cpp;c;cc;cxx;c++;cppm;ixx;def;odl;idl;hpj;bat;asm;asmx</Extensions>
    </Filter>
    <Filter Include="Header Files">
      <UniqueIdentifier>{93995380-89BD-4b04-88EB-625FBE52EBFB}</UniqueIdentifier>
      <Extensions>h;hh;hpp;hxx;h++;hm;inl;inc;ipp;xsd</Extensions>
    </Filter>
    <Filter Include="Resource Files">
      <UniqueIdentifier>{67DA6AB6-F800-4c08-8B7A-83BB121AAD01}</UniqueIdentifier>
      <Extensions>rc;ico;cur;bmp;dlg;rc2;rct;bin;rgs;gif;jpg;jpeg;jpe;resx;tiff;tif;png;wav;mfcribbon-ms</Extensions>
    </Filter>
    <Filter Include="Classes">
      <UniqueIdentifier>{ca7751ec-95c5-476f-a8ce-bbb1cdf420d5}</UniqueIdentifier>
    </Filter>
    <Filter Include="Classes\Header Files">
      <UniqueIdentifier>{910e2f66-e6a9-4a06-9cd7-8c985c13ca99}</UniqueIdentifier>
    </Filter>
    <Filter Include="Classes\Cpp Files">
      <UniqueIdentifier>{0bfee405-0e48-4164-a3e2-f2b6ff189149}</UniqueIdentifier>
    </Filter>
    <Filter Include="Configurations">
      <UniqueIdentifier>{4f16d0f0-88a3-462e-8020-100c460711be}</UniqueIdentifier>
    </Filter>
  </ItemGroup>
  <ItemGroup>
    <ClCompile Include="main.cpp">
      <Filter>Source Files</Filter>
    </ClCompile>
    <ClCompile Include="texture.cpp">
      <Filter>Source Files</Filter>
    </ClCompile>
    <ClCompile Include="texture_2d.cpp">
      <Filter>Source Files</Filter>
    </ClCompile>
    <ClCompile Include="my_glm_test.cpp">
      <Filter>Source Files</Filter>
    </ClCompile>
    <ClCompile Include="dd.cpp">
      <Filter>Source Files</Filter>
    </ClCompile>
    <ClCompile Include="Shader.cpp">
      <Filter>Classes\Cpp Files</Filter>
    </ClCompile>
    <ClCompile Include="GlmMvpShader.cpp">
      <Filter>Classes\Cpp Files</Filter>
    </ClCompile>
    <ClCompile Include="GlmShader.cpp">
      <Filter>Classes\Cpp Files</Filter>
    </ClCompile>
    <ClCompile Include="BasicGlfwEventConfig.cpp">
      <Filter>Configurations</Filter>
    </ClCompile>
    <ClCompile Include="CubeDataConfig.cpp">
      <Filter>Configurations</Filter>
    </ClCompile>
    <ClCompile Include="GlewfwConfig.cpp">
      <Filter>Configurations</Filter>
    </ClCompile>
    <ClCompile Include="GlmConfig.cpp">
      <Filter>Configurations</Filter>
    </ClCompile>
  </ItemGroup>
  <ItemGroup>
    <ClInclude Include="GlmMvpShader.h">
      <Filter>Classes\Header Files</Filter>
    </ClInclude>
    <ClInclude Include="GlmShader.h">
      <Filter>Classes\Header Files</Filter>
    </ClInclude>
    <ClInclude Include="Shader.h">
      <Filter>Classes\Header Files</Filter>
    </ClInclude>
    <ClInclude Include="StbImageConfig.h">
      <Filter>Classes\Header Files</Filter>
    </ClInclude>
  </ItemGroup>
</Project>